
Microsoft Visual Studio Solution File, Format Version 12.00
# Visual Studio Version 17
VisualStudioVersion = 17.13.35919.96 d17.13
MinimumVisualStudioVersion = 10.0.40219.1
Project("{FAE04EC0-301F-11D3-BF4B-00C04F79EFBC}") = "SuperMarketWEB", "SuperMarketWEB\SuperMarketWEB.csproj", "{3AD38A11-4733-43F4-96FA-F8645F7EDBCB}"
EndProject
Global
	GlobalSection(SolutionConfigurationPlatforms) = preSolution
		Debug|Any CPU = Debug|Any CPU
		Release|Any CPU = Release|Any CPU
	EndGlobalSection
	GlobalSection(ProjectConfigurationPlatforms) = postSolution
		{3AD38A11-4733-43F4-96FA-F8645F7EDBCB}.Debug|Any CPU.ActiveCfg = Debug|Any CPU
		{3AD38A11-4733-43F4-96FA-F8645F7EDBCB}.Debug|Any CPU.Build.0 = Debug|Any CPU
		{3AD38A11-4733-43F4-96FA-F8645F7EDBCB}.Release|Any CPU.ActiveCfg = Release|Any CPU
		{3AD38A11-4733-43F4-96FA-F8645F7EDBCB}.Release|Any CPU.Build.0 = Release|Any CPU
	EndGlobalSection
	GlobalSection(SolutionProperties) = preSolution
		HideSolutionNode = FALSE
	EndGlobalSection
	GlobalSection(ExtensibilityGlobals) = postSolution
		SolutionGuid = {B25597E6-A4A1-494B-9283-C81FF70E5446}
	EndGlobalSection
EndGlobal
